
Microsoft Visual Studio Solution File, Format Version 12.00
# Visual Studio Version 17
VisualStudioVersion = 17.2.32630.192
MinimumVisualStudioVersion = 10.0.40219.1
Project("{9A19103F-16F7-4668-BE54-9A1E7A4F7556}") = "Fresher_Welcome_Voting", "Fresher_Welcome_Voting\Fresher_Welcome_Voting.csproj", "{ECA0B5EA-6D88-4ABC-B808-A9D66F75383F}"
EndProject
Global
	GlobalSection(SolutionConfigurationPlatforms) = preSolution
		Debug|Any CPU = Debug|Any CPU
		Release|Any CPU = Release|Any CPU
	EndGlobalSection
	GlobalSection(ProjectConfigurationPlatforms) = postSolution
		{ECA0B5EA-6D88-4ABC-B808-A9D66F75383F}.Debug|Any CPU.ActiveCfg = Debug|Any CPU
		{ECA0B5EA-6D88-4ABC-B808-A9D66F75383F}.Debug|Any CPU.Build.0 = Debug|Any CPU
		{ECA0B5EA-6D88-4ABC-B808-A9D66F75383F}.Release|Any CPU.ActiveCfg = Release|Any CPU
		{ECA0B5EA-6D88-4ABC-B808-A9D66F75383F}.Release|Any CPU.Build.0 = Release|Any CPU
	EndGlobalSection
	GlobalSection(SolutionProperties) = preSolution
		HideSolutionNode = FALSE
	EndGlobalSection
	GlobalSection(ExtensibilityGlobals) = postSolution
		SolutionGuid = {CBF7090C-185C-4763-AB67-CB1315359968}
	EndGlobalSection
EndGlobal
